
Microsoft Visual Studio Solution File, Format Version 12.00
# Visual Studio Version 17
VisualStudioVersion = 17.2.32516.85
MinimumVisualStudioVersion = 10.0.40219.1
Project("{FAE04EC0-301F-11D3-BF4B-00C04F79EFBC}") = "BlazorNotesApp.Server", "BlazorNotesApp\Server\BlazorNotesApp.Server.csproj", "{198D31E8-FC51-4424-B2C2-B186E4A8AC93}"
EndProject
Project("{FAE04EC0-301F-11D3-BF4B-00C04F79EFBC}") = "BlazorNotesApp.Client", "BlazorNotesApp\Client\BlazorNotesApp.Client.csproj", "{A08DA456-895D-4D8C-AEB9-91231F7BD490}"
EndProject
Project("{FAE04EC0-301F-11D3-BF4B-00C04F79EFBC}") = "BlazorNotesApp.Shared", "BlazorNotesApp\Shared\BlazorNotesApp.Shared.csproj", "{34E933C5-AEBD-4613-90FC-F933C4FF3366}"
EndProject
Global
	GlobalSection(SolutionConfigurationPlatforms) = preSolution
		Debug|Any CPU = Debug|Any CPU
		Release|Any CPU = Release|Any CPU
	EndGlobalSection
	GlobalSection(ProjectConfigurationPlatforms) = postSolution
		{198D31E8-FC51-4424-B2C2-B186E4A8AC93}.Debug|Any CPU.ActiveCfg = Debug|Any CPU
		{198D31E8-FC51-4424-B2C2-B186E4A8AC93}.Debug|Any CPU.Build.0 = Debug|Any CPU
		{198D31E8-FC51-4424-B2C2-B186E4A8AC93}.Release|Any CPU.ActiveCfg = Release|Any CPU
		{198D31E8-FC51-4424-B2C2-B186E4A8AC93}.Release|Any CPU.Build.0 = Release|Any CPU
		{A08DA456-895D-4D8C-AEB9-91231F7BD490}.Debug|Any CPU.ActiveCfg = Debug|Any CPU
		{A08DA456-895D-4D8C-AEB9-91231F7BD490}.Debug|Any CPU.Build.0 = Debug|Any CPU
		{A08DA456-895D-4D8C-AEB9-91231F7BD490}.Release|Any CPU.ActiveCfg = Release|Any CPU
		{A08DA456-895D-4D8C-AEB9-91231F7BD490}.Release|Any CPU.Build.0 = Release|Any CPU
		{34E933C5-AEBD-4613-90FC-F933C4FF3366}.Debug|Any CPU.ActiveCfg = Debug|Any CPU
		{34E933C5-AEBD-4613-90FC-F933C4FF3366}.Debug|Any CPU.Build.0 = Debug|Any CPU
		{34E933C5-AEBD-4613-90FC-F933C4FF3366}.Release|Any CPU.ActiveCfg = Release|Any CPU
		{34E933C5-AEBD-4613-90FC-F933C4FF3366}.Release|Any CPU.Build.0 = Release|Any CPU
	EndGlobalSection
	GlobalSection(SolutionProperties) = preSolution
		HideSolutionNode = FALSE
	EndGlobalSection
	GlobalSection(ExtensibilityGlobals) = postSolution
		SolutionGuid = {73203261-7293-408D-8A17-E78DB1BEECF4}
	EndGlobalSection
EndGlobal
